
Microsoft Visual Studio Solution File, Format Version 12.00
# Visual Studio Version 17
VisualStudioVersion = 17.8.34330.188
MinimumVisualStudioVersion = 10.0.40219.1
Project("{9A19103F-16F7-4668-BE54-9A1E7A4F7556}") = "WhiteLynx.CodeAnalysis.Analyzers", "src\WhiteLynx.CodeAnalysis.Analyzers\WhiteLynx.CodeAnalysis.Analyzers.csproj", "{3B4F39A8-1159-46FB-9693-639FEE0366AD}"
EndProject
Project("{9A19103F-16F7-4668-BE54-9A1E7A4F7556}") = "WhiteLynx.CodeAnalysis.Analyzers.CodeFixes", "src\WhiteLynx.CodeAnalysis.Analyzers.CodeFixes\WhiteLynx.CodeAnalysis.Analyzers.CodeFixes.csproj", "{4177E98D-7EF2-4DE4-BB9D-60C94B231F62}"
EndProject
Project("{9A19103F-16F7-4668-BE54-9A1E7A4F7556}") = "WhiteLynx.CodeAnalysis.Analyzers.Package", "src\WhiteLynx.CodeAnalysis.Analyzers.Package\WhiteLynx.CodeAnalysis.Analyzers.Package.csproj", "{A3A6B19B-0116-47E2-A6E1-47580191E5E2}"
EndProject
Project("{9A19103F-16F7-4668-BE54-9A1E7A4F7556}") = "WhiteLynx.CodeAnalysis.Analyzers.Test", "src\WhiteLynx.CodeAnalysis.Analyzers.Test\WhiteLynx.CodeAnalysis.Analyzers.Test.csproj", "{9EC9700E-618A-4FBA-BBC8-61E6DD626377}"
EndProject
Project("{9A19103F-16F7-4668-BE54-9A1E7A4F7556}") = "WhiteLynx.CodeAnalysis.Analyzers.Vsix", "src\WhiteLynx.CodeAnalysis.Analyzers.Vsix\WhiteLynx.CodeAnalysis.Analyzers.Vsix.csproj", "{BF3BCFBF-8566-4996-98A9-F67A76C75504}"
EndProject
Global
	GlobalSection(SolutionConfigurationPlatforms) = preSolution
		Debug|Any CPU = Debug|Any CPU
		Release|Any CPU = Release|Any CPU
	EndGlobalSection
	GlobalSection(ProjectConfigurationPlatforms) = postSolution
		{3B4F39A8-1159-46FB-9693-639FEE0366AD}.Debug|Any CPU.ActiveCfg = Debug|Any CPU
		{3B4F39A8-1159-46FB-9693-639FEE0366AD}.Debug|Any CPU.Build.0 = Debug|Any CPU
		{3B4F39A8-1159-46FB-9693-639FEE0366AD}.Release|Any CPU.ActiveCfg = Release|Any CPU
		{3B4F39A8-1159-46FB-9693-639FEE0366AD}.Release|Any CPU.Build.0 = Release|Any CPU
		{4177E98D-7EF2-4DE4-BB9D-60C94B231F62}.Debug|Any CPU.ActiveCfg = Debug|Any CPU
		{4177E98D-7EF2-4DE4-BB9D-60C94B231F62}.Debug|Any CPU.Build.0 = Debug|Any CPU
		{4177E98D-7EF2-4DE4-BB9D-60C94B231F62}.Release|Any CPU.ActiveCfg = Release|Any CPU
		{4177E98D-7EF2-4DE4-BB9D-60C94B231F62}.Release|Any CPU.Build.0 = Release|Any CPU
		{A3A6B19B-0116-47E2-A6E1-47580191E5E2}.Debug|Any CPU.ActiveCfg = Debug|Any CPU
		{A3A6B19B-0116-47E2-A6E1-47580191E5E2}.Debug|Any CPU.Build.0 = Debug|Any CPU
		{A3A6B19B-0116-47E2-A6E1-47580191E5E2}.Release|Any CPU.ActiveCfg = Release|Any CPU
		{A3A6B19B-0116-47E2-A6E1-47580191E5E2}.Release|Any CPU.Build.0 = Release|Any CPU
		{9EC9700E-618A-4FBA-BBC8-61E6DD626377}.Debug|Any CPU.ActiveCfg = Debug|Any CPU
		{9EC9700E-618A-4FBA-BBC8-61E6DD626377}.Debug|Any CPU.Build.0 = Debug|Any CPU
		{9EC9700E-618A-4FBA-BBC8-61E6DD626377}.Release|Any CPU.ActiveCfg = Release|Any CPU
		{9EC9700E-618A-4FBA-BBC8-61E6DD626377}.Release|Any CPU.Build.0 = Release|Any CPU
		{BF3BCFBF-8566-4996-98A9-F67A76C75504}.Debug|Any CPU.ActiveCfg = Debug|Any CPU
		{BF3BCFBF-8566-4996-98A9-F67A76C75504}.Debug|Any CPU.Build.0 = Debug|Any CPU
		{BF3BCFBF-8566-4996-98A9-F67A76C75504}.Release|Any CPU.ActiveCfg = Release|Any CPU
		{BF3BCFBF-8566-4996-98A9-F67A76C75504}.Release|Any CPU.Build.0 = Release|Any CPU
	EndGlobalSection
	GlobalSection(SolutionProperties) = preSolution
		HideSolutionNode = FALSE
	EndGlobalSection
	GlobalSection(ExtensibilityGlobals) = postSolution
		SolutionGuid = {DED1CE91-909D-4546-AD82-3392D03A894A}
	EndGlobalSection
EndGlobal
